Microsoft Visual Studio Solution File, Format Version 12.00
# Visual Studio Version 17
VisualStudioVersion = 17.5.2.0
MinimumVisualStudioVersion = 10.0.40219.1
Project("{FAE04EC0-301F-11D3-BF4B-00C04F79EFBC}") = "Classificacao", "Classificacao.csproj", "{4C42058F-F669-ACBE-EF02-1DD72DBAA9F6}"
EndProject
Global
	GlobalSection(SolutionConfigurationPlatforms) = preSolution
		Debug|Any CPU = Debug|Any CPU
		Release|Any CPU = Release|Any CPU
	EndGlobalSection
	GlobalSection(ProjectConfigurationPlatforms) = postSolution
		{4C42058F-F669-ACBE-EF02-1DD72DBAA9F6}.Debug|Any CPU.ActiveCfg = Debug|Any CPU
		{4C42058F-F669-ACBE-EF02-1DD72DBAA9F6}.Debug|Any CPU.Build.0 = Debug|Any CPU
		{4C42058F-F669-ACBE-EF02-1DD72DBAA9F6}.Release|Any CPU.ActiveCfg = Release|Any CPU
		{4C42058F-F669-ACBE-EF02-1DD72DBAA9F6}.Release|Any CPU.Build.0 = Release|Any CPU
	EndGlobalSection
	GlobalSection(SolutionProperties) = preSolution
		HideSolutionNode = FALSE
	EndGlobalSection
	GlobalSection(ExtensibilityGlobals) = postSolution
		SolutionGuid = {BDAC1C93-6F96-47D1-AF10-15F06E828350}
	EndGlobalSection
EndGlobal
